
Microsoft Visual Studio Solution File, Format Version 12.00
# Visual Studio Version 17
VisualStudioVersion = 17.1.32228.430
MinimumVisualStudioVersion = 10.0.40219.1
Project("{FAE04EC0-301F-11D3-BF4B-00C04F79EFBC}") = "shootingDuck", "shootingDuck\shootingDuck.csproj", "{C6E0CE64-EB04-4D3C-BA2D-A64B801E38E0}"
EndProject
Global
	GlobalSection(SolutionConfigurationPlatforms) = preSolution
		Debug|Any CPU = Debug|Any CPU
		Release|Any CPU = Release|Any CPU
	EndGlobalSection
	GlobalSection(ProjectConfigurationPlatforms) = postSolution
		{C6E0CE64-EB04-4D3C-BA2D-A64B801E38E0}.Debug|Any CPU.ActiveCfg = Debug|Any CPU
		{C6E0CE64-EB04-4D3C-BA2D-A64B801E38E0}.Debug|Any CPU.Build.0 = Debug|Any CPU
		{C6E0CE64-EB04-4D3C-BA2D-A64B801E38E0}.Release|Any CPU.ActiveCfg = Release|Any CPU
		{C6E0CE64-EB04-4D3C-BA2D-A64B801E38E0}.Release|Any CPU.Build.0 = Release|Any CPU
	EndGlobalSection
	GlobalSection(SolutionProperties) = preSolution
		HideSolutionNode = FALSE
	EndGlobalSection
	GlobalSection(ExtensibilityGlobals) = postSolution
		SolutionGuid = {4C14BEC6-D2F6-49D8-9ADA-72C7FE24C294}
	EndGlobalSection
EndGlobal
